
Microsoft Visual Studio Solution File, Format Version 12.00
# Visual Studio 15
VisualStudioVersion = 15.0.26430.4
MinimumVisualStudioVersion = 10.0.40219.1
Project("{9A19103F-16F7-4668-BE54-9A1E7A4F7556}") = "AuthorizationCodeGrantClient", "AuthorizationCodeGrantClient\AuthorizationCodeGrantClient.csproj", "{CD4E6C02-2296-49AE-9FCD-416A13B50F8C}"
EndProject
Project("{2150E333-8FDC-42A3-9474-1A3956D46DE8}") = "Solution Items", "Solution Items", "{24FE0F79-6F88-4D60-BA1A-437374ECA18D}"
	ProjectSection(SolutionItems) = preProject
		.gitignore = .gitignore
		Readme.md = Readme.md
	EndProjectSection
EndProject
Global
	GlobalSection(SolutionConfigurationPlatforms) = preSolution
		Debug|Any CPU = Debug|Any CPU
		Release|Any CPU = Release|Any CPU
	EndGlobalSection
	GlobalSection(ProjectConfigurationPlatforms) = postSolution
		{CD4E6C02-2296-49AE-9FCD-416A13B50F8C}.Debug|Any CPU.ActiveCfg = Debug|Any CPU
		{CD4E6C02-2296-49AE-9FCD-416A13B50F8C}.Debug|Any CPU.Build.0 = Debug|Any CPU
		{CD4E6C02-2296-49AE-9FCD-416A13B50F8C}.Release|Any CPU.ActiveCfg = Release|Any CPU
		{CD4E6C02-2296-49AE-9FCD-416A13B50F8C}.Release|Any CPU.Build.0 = Release|Any CPU
	EndGlobalSection
	GlobalSection(SolutionProperties) = preSolution
		HideSolutionNode = FALSE
	EndGlobalSection
EndGlobal
